// !$*UTF8*$!
{
	archiveVersion = 1;
	classes = {
	};
	objectVersion = 50;
	objects = {

/* Begin PBXBuildFile section */
		81358FFC23CDB5DA004EC988 /* AppDelegate.swift in Sources */ = {isa = PBXBuildFile; fileRef = 81358FFB23CDB5DA004EC988 /* AppDelegate.swift */; };
		8135900023CDB5DA004EC988 /* RecordVC.swift in Sources */ = {isa = PBXBuildFile; fileRef = 81358FFF23CDB5DA004EC988 /* RecordVC.swift */; };
		8135900523CDB5DE004EC988 /* Assets.xcassets in Resources */ = {isa = PBXBuildFile; fileRef = 8135900423CDB5DE004EC988 /* Assets.xcassets */; };
		8135900823CDB5DE004EC988 /* LaunchScreen.storyboard in Resources */ = {isa = PBXBuildFile; fileRef = 8135900623CDB5DE004EC988 /* LaunchScreen.storyboard */; };
		8135901023CDBB0E004EC988 /* QRButton.swift in Sources */ = {isa = PBXBuildFile; fileRef = 8135900F23CDBB0E004EC988 /* QRButton.swift */; };
		8135901223CDC748004EC988 /* RecordingsVC.swift in Sources */ = {isa = PBXBuildFile; fileRef = 8135901123CDC748004EC988 /* RecordingsVC.swift */; };
		8155380F23CDD75000D1A207 /* SceneDelegate.swift in Sources */ = {isa = PBXBuildFile; fileRef = 8155380E23CDD75000D1A207 /* SceneDelegate.swift */; };
/* End PBXBuildFile section */

/* Begin PBXFileReference section */
		81358FF823CDB5DA004EC988 /* QuickRec.app */ = {isa = PBXFileReference; explicitFileType = wrapper.application; includeInIndex = 0; path = QuickRec.app; sourceTree = BUILT_PRODUCTS_DIR; };
		81358FFB23CDB5DA004EC988 /* AppDelegate.swift */ = {isa = PBXFileReference; lastKnownFileType = sourcecode.swift; path = AppDelegate.swift; sourceTree = "<group>"; };
		81358FFF23CDB5DA004EC988 /* RecordVC.swift */ = {isa = PBXFileReference; lastKnownFileType = sourcecode.swift; path = RecordVC.swift; sourceTree = "<group>"; };
		8135900423CDB5DE004EC988 /* Assets.xcassets */ = {isa = PBXFileReference; lastKnownFileType = folder.assetcatalog; path = Assets.xcassets; sourceTree = "<group>"; };
		8135900723CDB5DE004EC988 /* Base */ = {isa = PBXFileReference; lastKnownFileType = file.storyboard; name = Base; path = Base.lproj/LaunchScreen.storyboard; sourceTree = "<group>"; };
		8135900923CDB5DE004EC988 /* Info.plist */ = {isa = PBXFileReference; lastKnownFileType = text.plist.xml; path = Info.plist; sourceTree = "<group>"; };
		8135900F23CDBB0E004EC988 /* QRButton.swift */ = {isa = PBXFileReference; lastKnownFileType = sourcecode.swift; path = QRButton.swift; sourceTree = "<group>"; };
		8135901123CDC748004EC988 /* RecordingsVC.swift */ = {isa = PBXFileReference; lastKnownFileType = sourcecode.swift; path = RecordingsVC.swift; sourceTree = "<group>"; };
		8155380E23CDD75000D1A207 /* SceneDelegate.swift */ = {isa = PBXFileReference; fileEncoding = 4; lastKnownFileType = sourcecode.swift; path = SceneDelegate.swift; sourceTree = "<group>"; };
/* End PBXFileReference section */

/* Begin PBXFrameworksBuildPhase section */
		81358FF523CDB5DA004EC988 /* Frameworks */ = {
			isa = PBXFrameworksBuildPhase;
			buildActionMask = 2147483647;
			files = (
			);
			runOnlyForDeploymentPostprocessing = 0;
		};
/* End PBXFrameworksBuildPhase section */

/* Begin PBXGroup section */
		81358FEF23CDB5DA004EC988 = {
			isa = PBXGroup;
			children = (
				81358FFA23CDB5DA004EC988 /* QuickRec */,
				81358FF923CDB5DA004EC988 /* Products */,
			);
			sourceTree = "<group>";
		};
		81358FF923CDB5DA004EC988 /* Products */ = {
			isa = PBXGroup;
			children = (
				81358FF823CDB5DA004EC988 /* QuickRec.app */,
			);
			name = Products;
			sourceTree = "<group>";
		};
		81358FFA23CDB5DA004EC988 /* QuickRec */ = {
			isa = PBXGroup;
			children = (
				81358FFB23CDB5DA004EC988 /* AppDelegate.swift */,
				8155380E23CDD75000D1A207 /* SceneDelegate.swift */,
				81358FFF23CDB5DA004EC988 /* RecordVC.swift */,
				8135901123CDC748004EC988 /* RecordingsVC.swift */,
				8135900F23CDBB0E004EC988 /* QRButton.swift */,
				8135900423CDB5DE004EC988 /* Assets.xcassets */,
				8135900623CDB5DE004EC988 /* LaunchScreen.storyboard */,
				8135900923CDB5DE004EC988 /* Info.plist */,
			);
			path = QuickRec;
			sourceTree = "<group>";
		};
/* End PBXGroup section */

/* Begin PBXNativeTarget section */
		81358FF723CDB5DA004EC988 /* QuickRec */ = {
			isa = PBXNativeTarget;
			buildConfigurationList = 8135900C23CDB5DE004EC988 /* Build configuration list for PBXNativeTarget "QuickRec" */;
			buildPhases = (
				81358FF423CDB5DA004EC988 /* Sources */,
				81358FF523CDB5DA004EC988 /* Frameworks */,
				81358FF623CDB5DA004EC988 /* Resources */,
			);
			buildRules = (
			);
			dependencies = (
			);
			name = QuickRec;
			productName = QuickRec;
			productReference = 81358FF823CDB5DA004EC988 /* QuickRec.app */;
			productType = "com.apple.product-type.application";
		};
/* End PBXNativeTarget section */

/* Begin PBXProject section */
		81358FF023CDB5DA004EC988 /* Project object */ = {
			isa = PBXProject;
			attributes = {
				LastSwiftUpdateCheck = 1130;
				LastUpgradeCheck = 1130;
				ORGANIZATIONNAME = renks;
				TargetAttributes = {
					81358FF723CDB5DA004EC988 = {
						CreatedOnToolsVersion = 11.3;
					};
				};
			};
			buildConfigurationList = 81358FF323CDB5DA004EC988 /* Build configuration list for PBXProject "QuickRec" */;
			compatibilityVersion = "Xcode 9.3";
			developmentRegion = en;
			hasScannedForEncodings = 0;
			knownRegions = (
				en,
				Base,
			);
			mainGroup = 81358FEF23CDB5DA004EC988;
			productRefGroup = 81358FF923CDB5DA004EC988 /* Products */;
			projectDirPath = "";
			projectRoot = "";
			targets = (
				81358FF723CDB5DA004EC988 /* QuickRec */,
			);
		};
/* End PBXProject section */

/* Begin PBXResourcesBuildPhase section */
		81358FF623CDB5DA004EC988 /* Resources */ = {
			isa = PBXResourcesBuildPhase;
			buildActionMask = 2147483647;
			files = (
				8135900823CDB5DE004EC988 /* LaunchScreen.storyboard in Resources */,
				8135900523CDB5DE004EC988 /* Assets.xcassets in Resources */,
			);
			runOnlyForDeploymentPostprocessing = 0;
		};
/* End PBXResourcesBuildPhase section */

/* Begin PBXSourcesBuildPhase section */
		81358FF423CDB5DA004EC988 /* Sources */ = {
			isa = PBXSourcesBuildPhase;
			buildActionMask = 2147483647;
			files = (
				8155380F23CDD75000D1A207 /* SceneDelegate.swift in Sources */,
				8135901223CDC748004EC988 /* RecordingsVC.swift in Sources */,
				8135901023CDBB0E004EC988 /* QRButton.swift in Sources */,
				8135900023CDB5DA004EC988 /* RecordVC.swift in Sources */,
				81358FFC23CDB5DA004EC988 /* AppDelegate.swift in Sources */,
			);
			runOnlyForDeploymentPostprocessing = 0;
		};
/* End PBXSourcesBuildPhase section */

/* Begin PBXVariantGroup section */
		8135900623CDB5DE004EC988 /* LaunchScreen.storyboard */ = {
			isa = PBXVariantGroup;
			children = (
				8135900723CDB5DE004EC988 /* Base */,
			);
			name = LaunchScreen.storyboard;
			sourceTree = "<group>";
		};
/* End PBXVariantGroup section */

/* Begin XCBuildConfiguration section */
		8135900A23CDB5DE004EC988 /* Debug */ = {
			isa = XCBuildConfiguration;
			buildSettings = {
				ALWAYS_SEARCH_USER_PATHS = NO;
				CLANG_ANALYZER_NONNULL = YES;
				CLANG_ANALYZER_NUMBER_OBJECT_CONVERSION = YES_AGGRESSIVE;
				CLANG_CXX_LANGUAGE_STANDARD = "gnu++14";
				CLANG_CXX_LIBRARY = "libc++";
				CLANG_ENABLE_MODULES = YES;
				CLANG_ENABLE_OBJC_ARC = YES;
				CLANG_ENABLE_OBJC_WEAK = YES;
				CLANG_WARN_BLOCK_CAPTURE_AUTORELEASING = YES;
				CLANG_WARN_BOOL_CONVERSION = YES;
				CLANG_WARN_COMMA = YES;
				CLANG_WARN_CONSTANT_CONVERSION = YES;
				CLANG_WARN_DEPRECATED_OBJC_IMPLEMENTATIONS = YES;
				CLANG_WARN_DIRECT_OBJC_ISA_USAGE = YES_ERROR;
				CLANG_WARN_DOCUMENTATION_COMMENTS = YES;
				CLANG_WARN_EMPTY_BODY = YES;
				CLANG_WARN_ENUM_CONVERSION = YES;
				CLANG_WARN_INFINITE_RECURSION = YES;
				CLANG_WARN_INT_CONVERSION = YES;
				CLANG_WARN_NON_LITERAL_NULL_CONVERSION = YES;
				CLANG_WARN_OBJC_IMPLICIT_RETAIN_SELF = YES;
				CLANG_WARN_OBJC_LITERAL_CONVERSION = YES;
				CLANG_WARN_OBJC_ROOT_CLASS = YES_ERROR;
				CLANG_WARN_RANGE_LOOP_ANALYSIS = YES;
				CLANG_WARN_STRICT_PROTOTYPES = YES;
				CLANG_WARN_SUSPICIOUS_MOVE = YES;
				CLANG_WARN_UNGUARDED_AVAILABILITY = YES_AGGRESSIVE;
				CLANG_WARN_UNREACHABLE_CODE = YES;
				CLANG_WARN__DUPLICATE_METHOD_MATCH = YES;
				COPY_PHASE_STRIP = NO;
				DEBUG_INFORMATION_FORMAT = dwarf;
				ENABLE_STRICT_OBJC_MSGSEND = YES;
				ENABLE_TESTABILITY = YES;
				GCC_C_LANGUAGE_STANDARD = gnu11;
				GCC_DYNAMIC_NO_PIC = NO;
				GCC_NO_COMMON_BLOCKS = YES;
				GCC_OPTIMIZATION_LEVEL = 0;
				GCC_PREPROCESSOR_DEFINITIONS = (
					"DEBUG=1",
					"$(inherited)",
				);
				GCC_WARN_64_TO_32_BIT_CONVERSION = YES;
				GCC_WARN_ABOUT_RETURN_TYPE = YES_ERROR;
				GCC_WARN_UNDECLARED_SELECTOR = YES;
				GCC_WARN_UNINITIALIZED_AUTOS = YES_AGGRESSIVE;
				GCC_WARN_UNUSED_FUNCTION = YES;
				GCC_WARN_UNUSED_VARIABLE = YES;
				IPHONEOS_DEPLOYMENT_TARGET = 13.2;
				MTL_ENABLE_DEBUG_INFO = INCLUDE_SOURCE;
				MTL_FAST_MATH = YES;
				ONLY_ACTIVE_ARCH = YES;
				SDKROOT = iphoneos;
				SWIFT_ACTIVE_COMPILATION_CONDITIONS = DEBUG;
				SWIFT_OPTIMIZATION_LEVEL = "-Onone";
			};
			name = Debug;
		};
		8135900B23CDB5DE004EC988 /* Release */ = {
			isa = XCBuildConfiguration;
			buildSettings = {
				ALWAYS_SEARCH_USER_PATHS = NO;
				CLANG_ANALYZER_NONNULL = YES;
				CLANG_ANALYZER_NUMBER_OBJECT_CONVERSION = YES_AGGRESSIVE;
				CLANG_CXX_LANGUAGE_STANDARD = "gnu++14";
				CLANG_CXX_LIBRARY = "libc++";
				CLANG_ENABLE_MODULES = YES;
				CLANG_ENABLE_OBJC_ARC = YES;
				CLANG_ENABLE_OBJC_WEAK = YES;
				CLANG_WARN_BLOCK_CAPTURE_AUTORELEASING = YES;
				CLANG_WARN_BOOL_CONVERSION = YES;
				CLANG_WARN_COMMA = YES;
				CLANG_WARN_CONSTANT_CONVERSION = YES;
				CLANG_WARN_DEPRECATED_OBJC_IMPLEMENTATIONS = YES;
				CLANG_WARN_DIRECT_OBJC_ISA_USAGE = YES_ERROR;
				CLANG_WARN_DOCUMENTATION_COMMENTS = YES;
				CLANG_WARN_EMPTY_BODY = YES;
				CLANG_WARN_ENUM_CONVERSION = YES;
				CLANG_WARN_INFINITE_RECURSION = YES;
				CLANG_WARN_INT_CONVERSION = YES;
				CLANG_WARN_NON_LITERAL_NULL_CONVERSION = YES;
				CLANG_WARN_OBJC_IMPLICIT_RETAIN_SELF = YES;
				CLANG_WARN_OBJC_LITERAL_CONVERSION = YES;
				CLANG_WARN_OBJC_ROOT_CLASS = YES_ERROR;
				CLANG_WARN_RANGE_LOOP_ANALYSIS = YES;
				CLANG_WARN_STRICT_PROTOTYPES = YES;
				CLANG_WARN_SUSPICIOUS_MOVE = YES;
				CLANG_WARN_UNGUARDED_AVAILABILITY = YES_AGGRESSIVE;
				CLANG_WARN_UNREACHABLE_CODE = YES;
				CLANG_WARN__DUPLICATE_METHOD_MATCH = YES;
				COPY_PHASE_STRIP = NO;
				DEBUG_INFORMATION_FORMAT = "dwarf-with-dsym";
				ENABLE_NS_ASSERTIONS = NO;
				ENABLE_STRICT_OBJC_MSGSEND = YES;
				GCC_C_LANGUAGE_STANDARD = gnu11;
				GCC_NO_COMMON_BLOCKS = YES;
				GCC_WARN_64_TO_32_BIT_CONVERSION = YES;
				GCC_WARN_ABOUT_RETURN_TYPE = YES_ERROR;
				GCC_WARN_UNDECLARED_SELECTOR = YES;
				GCC_WARN_UNINITIALIZED_AUTOS = YES_AGGRESSIVE;
				GCC_WARN_UNUSED_FUNCTION = YES;
				GCC_WARN_UNUSED_VARIABLE = YES;
				IPHONEOS_DEPLOYMENT_TARGET = 13.2;
				MTL_ENABLE_DEBUG_INFO = NO;
				MTL_FAST_MATH = YES;
				SDKROOT = iphoneos;
				SWIFT_COMPILATION_MODE = wholemodule;
				SWIFT_OPTIMIZATION_LEVEL = "-O";
				VALIDATE_PRODUCT = YES;
			};
			name = Release;
		};
		8135900D23CDB5DE004EC988 /* Debug */ = {
			isa = XCBuildConfiguration;
			buildSettings = {
				ASSETCATALOG_COMPILER_APPICON_NAME = AppIcon;
				CODE_SIGN_STYLE = Automatic;
				DEVELOPMENT_TEAM = S5W9FKJ4DL;
				INFOPLIST_FILE = QuickRec/Info.plist;
				IPHONEOS_DEPLOYMENT_TARGET = 10.0;
				LD_RUNPATH_SEARCH_PATHS = (
					"$(inherited)",
					"@executable_path/Frameworks",
				);
				PRODUCT_BUNDLE_IDENTIFIER = sknerd.QuickRec;
				PRODUCT_NAME = "$(TARGET_NAME)";
				SWIFT_VERSION = 5.0;
				TARGETED_DEVICE_FAMILY = 1;
			};
			name = Debug;
		};
		8135900E23CDB5DE004EC988 /* Release */ = {
			isa = XCBuildConfiguration;
			buildSettings = {
				ASSETCATALOG_COMPILER_APPICON_NAME = AppIcon;
				CODE_SIGN_STYLE = Automatic;
				DEVELOPMENT_TEAM = S5W9FKJ4DL;
				INFOPLIST_FILE = QuickRec/Info.plist;
				IPHONEOS_DEPLOYMENT_TARGET = 10.0;
				LD_RUNPATH_SEARCH_PATHS = (
					"$(inherited)",
					"@executable_path/Frameworks",
				);
				PRODUCT_BUNDLE_IDENTIFIER = sknerd.QuickRec;
				PRODUCT_NAME = "$(TARGET_NAME)";
				SWIFT_VERSION = 5.0;
				TARGETED_DEVICE_FAMILY = 1;
			};
			name = Release;
		};
/* End XCBuildConfiguration section */

/* Begin XCConfigurationList section */
		81358FF323CDB5DA004EC988 /* Build configuration list for PBXProject "QuickRec" */ = {
			isa = XCConfigurationList;
			buildConfigurations = (
				8135900A23CDB5DE004EC988 /* Debug */,
				8135900B23CDB5DE004EC988 /* Release */,
			);
			defaultConfigurationIsVisible = 0;
			defaultConfigurationName = Release;
		};
		8135900C23CDB5DE004EC988 /* Build configuration list for PBXNativeTarget "QuickRec" */ = {
			isa = XCConfigurationList;
			buildConfigurations = (
				8135900D23CDB5DE004EC988 /* Debug */,
				8135900E23CDB5DE004EC988 /* Release */,
			);
			defaultConfigurationIsVisible = 0;
			defaultConfigurationName = Release;
		};
/* End XCConfigurationList section */
	};
	rootObject = 81358FF023CDB5DA004EC988 /* Project object */;
}
